
Microsoft Visual Studio Solution File, Format Version 12.00
# Visual Studio Version 17
VisualStudioVersion = 17.13.35828.75 d17.13
MinimumVisualStudioVersion = 10.0.40219.1
Project("{FAE04EC0-301F-11D3-BF4B-00C04F79EFBC}") = "LumeAI", "LumeAI.csproj", "{F19C48D3-1924-463A-80A0-BD87BCD22912}"
EndProject
Global
	GlobalSection(SolutionConfigurationPlatforms) = preSolution
		Debug|Any CPU = Debug|Any CPU
		Release|Any CPU = Release|Any CPU
	EndGlobalSection
	GlobalSection(ProjectConfigurationPlatforms) = postSolution
		{F19C48D3-1924-463A-80A0-BD87BCD22912}.Debug|Any CPU.ActiveCfg = Debug|Any CPU
		{F19C48D3-1924-463A-80A0-BD87BCD22912}.Debug|Any CPU.Build.0 = Debug|Any CPU
		{F19C48D3-1924-463A-80A0-BD87BCD22912}.Release|Any CPU.ActiveCfg = Release|Any CPU
		{F19C48D3-1924-463A-80A0-BD87BCD22912}.Release|Any CPU.Build.0 = Release|Any CPU
	EndGlobalSection
	GlobalSection(SolutionProperties) = preSolution
		HideSolutionNode = FALSE
	EndGlobalSection
	GlobalSection(ExtensibilityGlobals) = postSolution
		SolutionGuid = {9B9141DB-1AA6-43CC-857B-E856A4897402}
	EndGlobalSection
EndGlobal
